# THIS IS AN AUTOGENERATED FILE. DO NOT EDIT THIS FILE DIRECTLY.
# yarn lockfile v1


fsevents@~2.3.2:
  version "2.3.2"
  resolved "https://registry.npmjs.org/fsevents/-/fsevents-2.3.2.tgz#8a526f78b8fdf4623b709e0b975c52c24c02fd1a"
  integrity sha512-xiqMQR4xAeHTuB9uWm+fFRcIOgKBMiOBP+eXiyT7jsgVCq1bkVygt00oASowB7EdtpOHaaPgKt812P9ab+DDKA==

rollup@^3.2.3:
  version "3.2.3"
  resolved "https://registry.npmjs.org/rollup/-/rollup-3.2.3.tgz#67d894c981ad50cc811779748e52c05742560c64"
  integrity sha512-qfadtkY5kl0F5e4dXVdj2D+GtOdifasXHFMiL1SMf9ADQDv5Eti6xReef9FKj+iQPR2pvtqWna57s/PjARY4fg==
  optionalDependencies:
    fsevents "~2.3.2"

typescript@^4.8.4:
  version "4.8.4"
  resolved "https://registry.npmjs.org/typescript/-/typescript-4.8.4.tgz#c464abca159669597be5f96b8943500b238e60e6"
  integrity sha512-QCh+85mCy+h0IGff8r5XWzOVSbBO+KfeYrMQh7NJ58QujwcE22u+NUSmUxqF+un70P9GXKxa2HCNiTTMJknyjQ==
